{
  "lockfile_version": "1",
  "packages": {
    "k9s@0.50.18": {
      "last_modified": "2026-01-23T17:20:52Z",
      "resolved": "github:NixOS/nixpkgs/a1bab9e494f5f4939442a57a58d0449a109593fe#k9s",
      "source": "devbox-search",
      "version": "0.50.18",
      "systems": {
        "aarch64-darwin": {
          "outputs": [
            {
              "name": "out",
              "path": "/nix/store/hc086l08bm0zm0p73pr0gcm2a95j0v34-k9s-0.50.18",
              "default": true
            }
          ],
          "store_path": "/nix/store/hc086l08bm0zm0p73pr0gcm2a95j0v34-k9s-0.50.18"
        },
        "aarch64-linux": {
          "outputs": [
            {
              "name": "out",
              "path": "/nix/store/1c7qlb18rm9mpy54f3ddz6qq4zalgk84-k9s-0.50.18",
              "default": true
            }
          ],
          "store_path": "/nix/store/1c7qlb18rm9mpy54f3ddz6qq4zalgk84-k9s-0.50.18"
        },
        "x86_64-darwin": {
          "outputs": [
            {
              "name": "out",
              "path": "/nix/store/q45jpvj81dsp6674g2md08il5kbrrrl5-k9s-0.50.18",
              "default": true
            }
          ],
          "store_path": "/nix/store/q45jpvj81dsp6674g2md08il5kbrrrl5-k9s-0.50.18"
        },
        "x86_64-linux": {
          "outputs": [
            {
              "name": "out",
              "path": "/nix/store/nz3dcx3s720ybkx68hl7kdd0j9i8h4z3-k9s-0.50.18",
              "default": true
            }
          ],
          "store_path": "/nix/store/nz3dcx3s720ybkx68hl7kdd0j9i8h4z3-k9s-0.50.18"
        }
      }
    },
    "kubectl@1.33.2": {
      "last_modified": "2025-06-24T02:18:21Z",
      "resolved": "github:NixOS/nixpkgs/69dfebb3d175bde602f612915c5576a41b18486b#kubectl",
      "source": "devbox-search",
      "version": "1.33.2",
      "systems": {
        "aarch64-darwin": {
          "outputs": [
            {
              "name": "out",
              "path": "/nix/store/3wkf3fdmr0fih985wfys1ww50bc3h7rw-kubectl-1.33.2",
              "default": true
            },
            {
              "name": "man",
              "path": "/nix/store/ak2m30yf18kkqmaya0ydpdjwn0zsxc4n-kubectl-1.33.2-man",
              "default": true
            },
            {
              "name": "convert",
              "path": "/nix/store/gv3hrpka75q4b7alipw8l17nfl3x8zsy-kubectl-1.33.2-convert"
            }
          ],
          "store_path": "/nix/store/3wkf3fdmr0fih985wfys1ww50bc3h7rw-kubectl-1.33.2"
        },
        "aarch64-linux": {
          "outputs": [
            {
              "name": "out",
              "path": "/nix/store/3kami7n1lmlnmsxkb9rw5wi5ifrxsspq-kubectl-1.33.2",
              "default": true
            },
            {
              "name": "man",
              "path": "/nix/store/5dks8ys8p6gxbihncwrsv14g7k57cqki-kubectl-1.33.2-man",
              "default": true
            },
            {
              "name": "convert",
              "path": "/nix/store/i6z2z31ys86fgv2d5hg1pqjkaxiz4nj4-kubectl-1.33.2-convert"
            }
          ],
          "store_path": "/nix/store/3kami7n1lmlnmsxkb9rw5wi5ifrxsspq-kubectl-1.33.2"
        },
        "x86_64-darwin": {
          "outputs": [
            {
              "name": "out",
              "path": "/nix/store/hxsqda44nbnpmmnycxj01pgaf8npdlbf-kubectl-1.33.2",
              "default": true
            },
            {
              "name": "man",
              "path": "/nix/store/hna89iqmim83bv2k7jv8rn51s1r0gn0s-kubectl-1.33.2-man",
              "default": true
            },
            {
              "name": "convert",
              "path": "/nix/store/06waawlgkz5sf3l1kmq2zghks2rh32sf-kubectl-1.33.2-convert"
            }
          ],
          "store_path": "/nix/store/hxsqda44nbnpmmnycxj01pgaf8npdlbf-kubectl-1.33.2"
        },
        "x86_64-linux": {
          "outputs": [
            {
              "name": "out",
              "path": "/nix/store/17hz4mgnd2s1x48x5plyg63q46xprywp-kubectl-1.33.2",
              "default": true
            },
            {
              "name": "man",
              "path": "/nix/store/1dlk3sma52pi5zzklqk6kgn1cq9fmlia-kubectl-1.33.2-man",
              "default": true
            },
            {
              "name": "convert",
              "path": "/nix/store/1c8nqwzjdxykbq49sgb8wpba6w2j0qx7-kubectl-1.33.2-convert"
            }
          ],
          "store_path": "/nix/store/17hz4mgnd2s1x48x5plyg63q46xprywp-kubectl-1.33.2"
        }
      }
    },
    "kubernetes-helm@latest": {
      "last_modified": "2025-03-23T05:31:05Z",
      "resolved": "github:NixOS/nixpkgs/dd613136ee91f67e5dba3f3f41ac99ae89c5406b#kubernetes-helm",
      "source": "devbox-search",
      "version": "3.17.2",
      "systems": {
        "aarch64-darwin": {
          "outputs": [
            {
              "name": "out",
              "path": "/nix/store/0zb6130k4msbr1dnjh3bi8h0930mdzfi-kubernetes-helm-3.17.2",
              "default": true
            }
          ],
          "store_path": "/nix/store/0zb6130k4msbr1dnjh3bi8h0930mdzfi-kubernetes-helm-3.17.2"
        },
        "aarch64-linux": {
          "outputs": [
            {
              "name": "out",
              "path": "/nix/store/j3rj0k8ry052m17gk81cab5fp39jnxb1-kubernetes-helm-3.17.2",
              "default": true
            }
          ],
          "store_path": "/nix/store/j3rj0k8ry052m17gk81cab5fp39jnxb1-kubernetes-helm-3.17.2"
        },
        "x86_64-darwin": {
          "outputs": [
            {
              "name": "out",
              "path": "/nix/store/r10crkfz1nfn5yq18670jbsbjf09l4fg-kubernetes-helm-3.17.2",
              "default": true
            }
          ],
          "store_path": "/nix/store/r10crkfz1nfn5yq18670jbsbjf09l4fg-kubernetes-helm-3.17.2"
        },
        "x86_64-linux": {
          "outputs": [
            {
              "name": "out",
              "path": "/nix/store/0lhjm5b1k49rsirsrvsqasbrv1im6w6j-kubernetes-helm-3.17.2",
              "default": true
            }
          ],
          "store_path": "/nix/store/0lhjm5b1k49rsirsrvsqasbrv1im6w6j-kubernetes-helm-3.17.2"
        }
      }
    },
    "opentofu@1.10.2": {
      "last_modified": "2025-07-06T07:15:37Z",
      "resolved": "github:NixOS/nixpkgs/ceb24d94c6feaa4e8737a8e2bd3cf71c3a7eaaa0#opentofu",
      "source": "devbox-search",
      "version": "1.10.2",
      "systems": {
        "aarch64-darwin": {
          "outputs": [
            {
              "name": "out",
              "path": "/nix/store/kg0s6qpa809l60jxyyx0ff8hxxdd9wsq-opentofu-1.10.2",
              "default": true
            }
          ],
          "store_path": "/nix/store/kg0s6qpa809l60jxyyx0ff8hxxdd9wsq-opentofu-1.10.2"
        },
        "aarch64-linux": {
          "outputs": [
            {
              "name": "out",
              "path": "/nix/store/0pry9l8xh4kypkcz9ixjm9j4dd0yxzf8-opentofu-1.10.2",
              "default": true
            }
          ],
          "store_path": "/nix/store/0pry9l8xh4kypkcz9ixjm9j4dd0yxzf8-opentofu-1.10.2"
        },
        "x86_64-darwin": {
          "outputs": [
            {
              "name": "out",
              "path": "/nix/store/63g75a2yc27bkknx654klhgggc7jgvqv-opentofu-1.10.2",
              "default": true
            }
          ],
          "store_path": "/nix/store/63g75a2yc27bkknx654klhgggc7jgvqv-opentofu-1.10.2"
        },
        "x86_64-linux": {
          "outputs": [
            {
              "name": "out",
              "path": "/nix/store/yi5grlvjbz4wq77dgq529h5n5jz7qsmr-opentofu-1.10.2",
              "default": true
            }
          ],
          "store_path": "/nix/store/yi5grlvjbz4wq77dgq529h5n5jz7qsmr-opentofu-1.10.2"
        }
      }
    }
  }
}
