{
  "lockfile_version": "1",
  "packages": {
    "k9s@0.50.6": {
      "last_modified": "2025-06-01T15:36:18Z",
      "resolved": "github:NixOS/nixpkgs/5929de975bcf4c7c8d8b5ca65c8cd9ef9e44523e#k9s",
      "source": "devbox-search",
      "version": "0.50.6",
      "systems": {
        "aarch64-darwin": {
          "outputs": [
            {
              "name": "out",
              "path": "/nix/store/0kjbnz4vyqv50xmidkf3a9fd9xkv7qnx-k9s-0.50.6",
              "default": true
            }
          ],
          "store_path": "/nix/store/0kjbnz4vyqv50xmidkf3a9fd9xkv7qnx-k9s-0.50.6"
        },
        "aarch64-linux": {
          "outputs": [
            {
              "name": "out",
              "path": "/nix/store/cy9v8qdf8y1g45774rm9jzw03pf0866d-k9s-0.50.6",
              "default": true
            }
          ],
          "store_path": "/nix/store/cy9v8qdf8y1g45774rm9jzw03pf0866d-k9s-0.50.6"
        },
        "x86_64-darwin": {
          "outputs": [
            {
              "name": "out",
              "path": "/nix/store/33wpwmnd235m388diiky223sm2g1gf9g-k9s-0.50.6",
              "default": true
            }
          ],
          "store_path": "/nix/store/33wpwmnd235m388diiky223sm2g1gf9g-k9s-0.50.6"
        },
        "x86_64-linux": {
          "outputs": [
            {
              "name": "out",
              "path": "/nix/store/ym871cb8337ph62j517586skc6ya7znp-k9s-0.50.6",
              "default": true
            }
          ],
          "store_path": "/nix/store/ym871cb8337ph62j517586skc6ya7znp-k9s-0.50.6"
        }
      }
    },
    "kubectl@1.35.2": {
      "last_modified": "2026-03-12T22:11:02Z",
      "resolved": "github:NixOS/nixpkgs/24f4544180242cd80bb2492ce6907243bc716e08#kubectl",
      "source": "devbox-search",
      "version": "1.35.2",
      "systems": {
        "aarch64-darwin": {
          "outputs": [
            {
              "name": "out",
              "path": "/nix/store/mkd1avr61r30gbfb4n0z4mj5913yh9mk-kubectl-1.35.2",
              "default": true
            },
            {
              "name": "man",
              "path": "/nix/store/vagy3nj2pa5b9yp8r7flq6wr28i8q6c0-kubectl-1.35.2-man",
              "default": true
            },
            {
              "name": "convert",
              "path": "/nix/store/dwmv3h7b5zp6qiznr8zav9xqg5hcfi2v-kubectl-1.35.2-convert"
            }
          ],
          "store_path": "/nix/store/mkd1avr61r30gbfb4n0z4mj5913yh9mk-kubectl-1.35.2"
        },
        "aarch64-linux": {
          "outputs": [
            {
              "name": "out",
              "path": "/nix/store/vxnmjnsdsgnnvgvdl4qbhmg3nawypcc4-kubectl-1.35.2",
              "default": true
            },
            {
              "name": "man",
              "path": "/nix/store/1zmldjbz9zsavgl25n7jsg0i6wjqn2ka-kubectl-1.35.2-man",
              "default": true
            },
            {
              "name": "convert",
              "path": "/nix/store/nrx47hadz5jlarh5709a82fgw6v0kd1c-kubectl-1.35.2-convert"
            }
          ],
          "store_path": "/nix/store/vxnmjnsdsgnnvgvdl4qbhmg3nawypcc4-kubectl-1.35.2"
        },
        "x86_64-darwin": {
          "outputs": [
            {
              "name": "out",
              "path": "/nix/store/lm4das1r72pbn5bpqwhjisyx2a1cqvzw-kubectl-1.35.2",
              "default": true
            },
            {
              "name": "man",
              "path": "/nix/store/sadazjva7b450x1jy871j01fhanjy8lz-kubectl-1.35.2-man",
              "default": true
            },
            {
              "name": "convert",
              "path": "/nix/store/xlvvcxcp4q28shl9fmg3wcyfg33rfk9y-kubectl-1.35.2-convert"
            }
          ],
          "store_path": "/nix/store/lm4das1r72pbn5bpqwhjisyx2a1cqvzw-kubectl-1.35.2"
        },
        "x86_64-linux": {
          "outputs": [
            {
              "name": "out",
              "path": "/nix/store/5kws6h64r04kcwgdqppdw0p6h42i3j02-kubectl-1.35.2",
              "default": true
            },
            {
              "name": "man",
              "path": "/nix/store/7wsa1bdvvc7d5n37jbnmr5rsw89abrzp-kubectl-1.35.2-man",
              "default": true
            },
            {
              "name": "convert",
              "path": "/nix/store/50r2dcxxjnrs42sawlsllshf5h57kvwy-kubectl-1.35.2-convert"
            }
          ],
          "store_path": "/nix/store/5kws6h64r04kcwgdqppdw0p6h42i3j02-kubectl-1.35.2"
        }
      }
    },
    "kubernetes-helm@latest": {
      "last_modified": "2025-03-23T05:31:05Z",
      "resolved": "github:NixOS/nixpkgs/dd613136ee91f67e5dba3f3f41ac99ae89c5406b#kubernetes-helm",
      "source": "devbox-search",
      "version": "3.17.2",
      "systems": {
        "aarch64-darwin": {
          "outputs": [
            {
              "name": "out",
              "path": "/nix/store/0zb6130k4msbr1dnjh3bi8h0930mdzfi-kubernetes-helm-3.17.2",
              "default": true
            }
          ],
          "store_path": "/nix/store/0zb6130k4msbr1dnjh3bi8h0930mdzfi-kubernetes-helm-3.17.2"
        },
        "aarch64-linux": {
          "outputs": [
            {
              "name": "out",
              "path": "/nix/store/j3rj0k8ry052m17gk81cab5fp39jnxb1-kubernetes-helm-3.17.2",
              "default": true
            }
          ],
          "store_path": "/nix/store/j3rj0k8ry052m17gk81cab5fp39jnxb1-kubernetes-helm-3.17.2"
        },
        "x86_64-darwin": {
          "outputs": [
            {
              "name": "out",
              "path": "/nix/store/r10crkfz1nfn5yq18670jbsbjf09l4fg-kubernetes-helm-3.17.2",
              "default": true
            }
          ],
          "store_path": "/nix/store/r10crkfz1nfn5yq18670jbsbjf09l4fg-kubernetes-helm-3.17.2"
        },
        "x86_64-linux": {
          "outputs": [
            {
              "name": "out",
              "path": "/nix/store/0lhjm5b1k49rsirsrvsqasbrv1im6w6j-kubernetes-helm-3.17.2",
              "default": true
            }
          ],
          "store_path": "/nix/store/0lhjm5b1k49rsirsrvsqasbrv1im6w6j-kubernetes-helm-3.17.2"
        }
      }
    },
    "opentofu@1.10.2": {
      "last_modified": "2025-07-06T07:15:37Z",
      "resolved": "github:NixOS/nixpkgs/ceb24d94c6feaa4e8737a8e2bd3cf71c3a7eaaa0#opentofu",
      "source": "devbox-search",
      "version": "1.10.2",
      "systems": {
        "aarch64-darwin": {
          "outputs": [
            {
              "name": "out",
              "path": "/nix/store/kg0s6qpa809l60jxyyx0ff8hxxdd9wsq-opentofu-1.10.2",
              "default": true
            }
          ],
          "store_path": "/nix/store/kg0s6qpa809l60jxyyx0ff8hxxdd9wsq-opentofu-1.10.2"
        },
        "aarch64-linux": {
          "outputs": [
            {
              "name": "out",
              "path": "/nix/store/0pry9l8xh4kypkcz9ixjm9j4dd0yxzf8-opentofu-1.10.2",
              "default": true
            }
          ],
          "store_path": "/nix/store/0pry9l8xh4kypkcz9ixjm9j4dd0yxzf8-opentofu-1.10.2"
        },
        "x86_64-darwin": {
          "outputs": [
            {
              "name": "out",
              "path": "/nix/store/63g75a2yc27bkknx654klhgggc7jgvqv-opentofu-1.10.2",
              "default": true
            }
          ],
          "store_path": "/nix/store/63g75a2yc27bkknx654klhgggc7jgvqv-opentofu-1.10.2"
        },
        "x86_64-linux": {
          "outputs": [
            {
              "name": "out",
              "path": "/nix/store/yi5grlvjbz4wq77dgq529h5n5jz7qsmr-opentofu-1.10.2",
              "default": true
            }
          ],
          "store_path": "/nix/store/yi5grlvjbz4wq77dgq529h5n5jz7qsmr-opentofu-1.10.2"
        }
      }
    }
  }
}
