{
  "lockfile_version": "1",
  "packages": {
    "k9s@latest": {
      "last_modified": "2025-03-23T05:31:05Z",
      "resolved": "github:NixOS/nixpkgs/dd613136ee91f67e5dba3f3f41ac99ae89c5406b#k9s",
      "source": "devbox-search",
      "version": "0.40.10",
      "systems": {
        "aarch64-darwin": {
          "outputs": [
            {
              "name": "out",
              "path": "/nix/store/c2pa1yiw32mailg012pp9mnrqz9578rw-k9s-0.40.10",
              "default": true
            }
          ],
          "store_path": "/nix/store/c2pa1yiw32mailg012pp9mnrqz9578rw-k9s-0.40.10"
        },
        "aarch64-linux": {
          "outputs": [
            {
              "name": "out",
              "path": "/nix/store/bc6da7fr0wj0niqm7dsqs3fsy0xqjnmc-k9s-0.40.10",
              "default": true
            }
          ],
          "store_path": "/nix/store/bc6da7fr0wj0niqm7dsqs3fsy0xqjnmc-k9s-0.40.10"
        },
        "x86_64-darwin": {
          "outputs": [
            {
              "name": "out",
              "path": "/nix/store/y351iddyl6gsdsbmm63npx5a8bxhrahd-k9s-0.40.10",
              "default": true
            }
          ],
          "store_path": "/nix/store/y351iddyl6gsdsbmm63npx5a8bxhrahd-k9s-0.40.10"
        },
        "x86_64-linux": {
          "outputs": [
            {
              "name": "out",
              "path": "/nix/store/vjz71svbgk1m77sb2cazzsk48gxz881n-k9s-0.40.10",
              "default": true
            }
          ],
          "store_path": "/nix/store/vjz71svbgk1m77sb2cazzsk48gxz881n-k9s-0.40.10"
        }
      }
    },
    "kubectl@latest": {
      "last_modified": "2025-03-22T01:19:59Z",
      "resolved": "github:NixOS/nixpkgs/0740f6f238767d4caf9afe774d3e88105766dfc6#kubectl",
      "source": "devbox-search",
      "version": "1.32.3",
      "systems": {
        "aarch64-darwin": {
          "outputs": [
            {
              "name": "out",
              "path": "/nix/store/7b2rpxkv6v4a29bk9dp4gqs57zhf9v9p-kubectl-1.32.3",
              "default": true
            },
            {
              "name": "man",
              "path": "/nix/store/rm3753bbn2kxmwyxy7rir8z80g71lrrx-kubectl-1.32.3-man",
              "default": true
            },
            {
              "name": "convert",
              "path": "/nix/store/fi6g9qi63p7ivvz3qsipfaxmym7qi623-kubectl-1.32.3-convert"
            }
          ],
          "store_path": "/nix/store/7b2rpxkv6v4a29bk9dp4gqs57zhf9v9p-kubectl-1.32.3"
        },
        "aarch64-linux": {
          "outputs": [
            {
              "name": "out",
              "path": "/nix/store/xxngczzyxq22m1i8pc9a57w16kzir33f-kubectl-1.32.3",
              "default": true
            },
            {
              "name": "man",
              "path": "/nix/store/n547iajzrqypmy89s5j2iyrdjn56fd5v-kubectl-1.32.3-man",
              "default": true
            },
            {
              "name": "convert",
              "path": "/nix/store/0frwvbmd2zxx2n1s7vw15cbdj7iw95js-kubectl-1.32.3-convert"
            }
          ],
          "store_path": "/nix/store/xxngczzyxq22m1i8pc9a57w16kzir33f-kubectl-1.32.3"
        },
        "x86_64-darwin": {
          "outputs": [
            {
              "name": "out",
              "path": "/nix/store/95lpgw52n8x18ams6bz9nm68sml870rs-kubectl-1.32.3",
              "default": true
            },
            {
              "name": "man",
              "path": "/nix/store/3ilj3sca004bmzi0kp2lwihbqb2j2j2l-kubectl-1.32.3-man",
              "default": true
            },
            {
              "name": "convert",
              "path": "/nix/store/k2wr9b02pgyj7r5fz959vxys2w3s4j5v-kubectl-1.32.3-convert"
            }
          ],
          "store_path": "/nix/store/95lpgw52n8x18ams6bz9nm68sml870rs-kubectl-1.32.3"
        },
        "x86_64-linux": {
          "outputs": [
            {
              "name": "out",
              "path": "/nix/store/yaqxnlxynfil1c6lvxfrnmh06yfqarn8-kubectl-1.32.3",
              "default": true
            },
            {
              "name": "man",
              "path": "/nix/store/xdh1fr0b4dnladi7dwa0q2vwf878g9qd-kubectl-1.32.3-man",
              "default": true
            },
            {
              "name": "convert",
              "path": "/nix/store/5x3bhl684w2lmpg7k5dl8rz1408ci32g-kubectl-1.32.3-convert"
            }
          ],
          "store_path": "/nix/store/yaqxnlxynfil1c6lvxfrnmh06yfqarn8-kubectl-1.32.3"
        }
      }
    },
    "kubernetes-helm@latest": {
      "last_modified": "2025-03-23T05:31:05Z",
      "resolved": "github:NixOS/nixpkgs/dd613136ee91f67e5dba3f3f41ac99ae89c5406b#kubernetes-helm",
      "source": "devbox-search",
      "version": "3.17.2",
      "systems": {
        "aarch64-darwin": {
          "outputs": [
            {
              "name": "out",
              "path": "/nix/store/0zb6130k4msbr1dnjh3bi8h0930mdzfi-kubernetes-helm-3.17.2",
              "default": true
            }
          ],
          "store_path": "/nix/store/0zb6130k4msbr1dnjh3bi8h0930mdzfi-kubernetes-helm-3.17.2"
        },
        "aarch64-linux": {
          "outputs": [
            {
              "name": "out",
              "path": "/nix/store/j3rj0k8ry052m17gk81cab5fp39jnxb1-kubernetes-helm-3.17.2",
              "default": true
            }
          ],
          "store_path": "/nix/store/j3rj0k8ry052m17gk81cab5fp39jnxb1-kubernetes-helm-3.17.2"
        },
        "x86_64-darwin": {
          "outputs": [
            {
              "name": "out",
              "path": "/nix/store/r10crkfz1nfn5yq18670jbsbjf09l4fg-kubernetes-helm-3.17.2",
              "default": true
            }
          ],
          "store_path": "/nix/store/r10crkfz1nfn5yq18670jbsbjf09l4fg-kubernetes-helm-3.17.2"
        },
        "x86_64-linux": {
          "outputs": [
            {
              "name": "out",
              "path": "/nix/store/0lhjm5b1k49rsirsrvsqasbrv1im6w6j-kubernetes-helm-3.17.2",
              "default": true
            }
          ],
          "store_path": "/nix/store/0lhjm5b1k49rsirsrvsqasbrv1im6w6j-kubernetes-helm-3.17.2"
        }
      }
    },
    "opentofu@latest": {
      "last_modified": "2025-03-11T17:52:14Z",
      "resolved": "github:NixOS/nixpkgs/0d534853a55b5d02a4ababa1d71921ce8f0aee4c#opentofu",
      "source": "devbox-search",
      "version": "1.9.0",
      "systems": {
        "aarch64-darwin": {
          "outputs": [
            {
              "name": "out",
              "path": "/nix/store/1s94mq29svlzzg1jfz5p5734wm8f6dj3-opentofu-1.9.0",
              "default": true
            }
          ],
          "store_path": "/nix/store/1s94mq29svlzzg1jfz5p5734wm8f6dj3-opentofu-1.9.0"
        },
        "aarch64-linux": {
          "outputs": [
            {
              "name": "out",
              "path": "/nix/store/103icygk708fjy2rd2785lk77ic3k7vs-opentofu-1.9.0",
              "default": true
            }
          ],
          "store_path": "/nix/store/103icygk708fjy2rd2785lk77ic3k7vs-opentofu-1.9.0"
        },
        "x86_64-darwin": {
          "outputs": [
            {
              "name": "out",
              "path": "/nix/store/yfv36q8ivvw39x71brrfqcqi3c2nvdc4-opentofu-1.9.0",
              "default": true
            }
          ],
          "store_path": "/nix/store/yfv36q8ivvw39x71brrfqcqi3c2nvdc4-opentofu-1.9.0"
        },
        "x86_64-linux": {
          "outputs": [
            {
              "name": "out",
              "path": "/nix/store/9zsn2ykmrwzzf8fqxzs42dk9kxfm45zs-opentofu-1.9.0",
              "default": true
            }
          ],
          "store_path": "/nix/store/9zsn2ykmrwzzf8fqxzs42dk9kxfm45zs-opentofu-1.9.0"
        }
      }
    }
  }
}
